// !$*UTF8*$!
{
	archiveVersion = 1;
	classes = {
	};
	objectVersion = 56;
	objects = {

/* Begin PBXBuildFile section */
		AF168ECD2A345A8200EA8637 /* AppDelegate.swift in Sources */ = {isa = PBXBuildFile; fileRef = AF168ECC2A345A8200EA8637 /* AppDelegate.swift */; };
		AF168ECF2A345A8200EA8637 /* SceneDelegate.swift in Sources */ = {isa = PBXBuildFile; fileRef = AF168ECE2A345A8200EA8637 /* SceneDelegate.swift */; };
		AF168ED12A345A8200EA8637 /* ViewController.swift in Sources */ = {isa = PBXBuildFile; fileRef = AF168ED02A345A8200EA8637 /* ViewController.swift */; };
		AF168ED62A345A8300EA8637 /* Assets.xcassets in Resources */ = {isa = PBXBuildFile; fileRef = AF168ED52A345A8300EA8637 /* Assets.xcassets */; };
		AF168ED92A345A8300EA8637 /* LaunchScreen.storyboard in Resources */ = {isa = PBXBuildFile; fileRef = AF168ED72A345A8300EA8637 /* LaunchScreen.storyboard */; };
		AF168EEB2A348AAC00EA8637 /* AvenirLTStd-Roman.otf in Resources */ = {isa = PBXBuildFile; fileRef = AF168EEA2A348A9200EA8637 /* AvenirLTStd-Roman.otf */; };
		AF168EEC2A348AB000EA8637 /* AvenirLTStd-Book.otf in Resources */ = {isa = PBXBuildFile; fileRef = AF168EE82A348A9200EA8637 /* AvenirLTStd-Book.otf */; };
		AF168EED2A348AB300EA8637 /* AvenirLTStd-Black.otf in Resources */ = {isa = PBXBuildFile; fileRef = AF168EE92A348A9200EA8637 /* AvenirLTStd-Black.otf */; };
		AF168EEF2A34907300EA8637 /* Extension.swift in Sources */ = {isa = PBXBuildFile; fileRef = AF168EEE2A34907300EA8637 /* Extension.swift */; };
		AF2685722A36FB52007E4318 /* OnBoardingViewController.swift in Sources */ = {isa = PBXBuildFile; fileRef = AF2685712A36FB52007E4318 /* OnBoardingViewController.swift */; };
		AF2685752A36FB98007E4318 /* LoginViewController.swift in Sources */ = {isa = PBXBuildFile; fileRef = AF2685742A36FB98007E4318 /* LoginViewController.swift */; };
		AFEA76CF2A52BD3400DDDFC4 /* SignUpViewController.swift in Sources */ = {isa = PBXBuildFile; fileRef = AFEA76CE2A52BD3400DDDFC4 /* SignUpViewController.swift */; };
		AFEA76D12A52BD4400DDDFC4 /* ForgotPasswordViewController.swift in Sources */ = {isa = PBXBuildFile; fileRef = AFEA76D02A52BD4400DDDFC4 /* ForgotPasswordViewController.swift */; };
/* End PBXBuildFile section */

/* Begin PBXFileReference section */
		AF168EC92A345A8200EA8637 /* Attendance App.app */ = {isa = PBXFileReference; explicitFileType = wrapper.application; includeInIndex = 0; path = "Attendance App.app"; sourceTree = BUILT_PRODUCTS_DIR; };
		AF168ECC2A345A8200EA8637 /* AppDelegate.swift */ = {isa = PBXFileReference; lastKnownFileType = sourcecode.swift; path = AppDelegate.swift; sourceTree = "<group>"; };
		AF168ECE2A345A8200EA8637 /* SceneDelegate.swift */ = {isa = PBXFileReference; lastKnownFileType = sourcecode.swift; path = SceneDelegate.swift; sourceTree = "<group>"; };
		AF168ED02A345A8200EA8637 /* ViewController.swift */ = {isa = PBXFileReference; lastKnownFileType = sourcecode.swift; path = ViewController.swift; sourceTree = "<group>"; };
		AF168ED52A345A8300EA8637 /* Assets.xcassets */ = {isa = PBXFileReference; lastKnownFileType = folder.assetcatalog; path = Assets.xcassets; sourceTree = "<group>"; };
		AF168ED82A345A8300EA8637 /* Base */ = {isa = PBXFileReference; lastKnownFileType = file.storyboard; name = Base; path = Base.lproj/LaunchScreen.storyboard; sourceTree = "<group>"; };
		AF168EDA2A345A8300EA8637 /* Info.plist */ = {isa = PBXFileReference; lastKnownFileType = text.plist.xml; path = Info.plist; sourceTree = "<group>"; };
		AF168EE82A348A9200EA8637 /* AvenirLTStd-Book.otf */ = {isa = PBXFileReference; lastKnownFileType = file; path = "AvenirLTStd-Book.otf"; sourceTree = "<group>"; };
		AF168EE92A348A9200EA8637 /* AvenirLTStd-Black.otf */ = {isa = PBXFileReference; lastKnownFileType = file; path = "AvenirLTStd-Black.otf"; sourceTree = "<group>"; };
		AF168EEA2A348A9200EA8637 /* AvenirLTStd-Roman.otf */ = {isa = PBXFileReference; lastKnownFileType = file; path = "AvenirLTStd-Roman.otf"; sourceTree = "<group>"; };
		AF168EEE2A34907300EA8637 /* Extension.swift */ = {isa = PBXFileReference; lastKnownFileType = sourcecode.swift; path = Extension.swift; sourceTree = "<group>"; };
		AF2685712A36FB52007E4318 /* OnBoardingViewController.swift */ = {isa = PBXFileReference; lastKnownFileType = sourcecode.swift; path = OnBoardingViewController.swift; sourceTree = "<group>"; };
		AF2685742A36FB98007E4318 /* LoginViewController.swift */ = {isa = PBXFileReference; lastKnownFileType = sourcecode.swift; path = LoginViewController.swift; sourceTree = "<group>"; };
		AFEA76CE2A52BD3400DDDFC4 /* SignUpViewController.swift */ = {isa = PBXFileReference; lastKnownFileType = sourcecode.swift; path = SignUpViewController.swift; sourceTree = "<group>"; };
		AFEA76D02A52BD4400DDDFC4 /* ForgotPasswordViewController.swift */ = {isa = PBXFileReference; lastKnownFileType = sourcecode.swift; path = ForgotPasswordViewController.swift; sourceTree = "<group>"; };
/* End PBXFileReference section */

/* Begin PBXFrameworksBuildPhase section */
		AF168EC62A345A8200EA8637 /* Frameworks */ = {
			isa = PBXFrameworksBuildPhase;
			buildActionMask = 2147483647;
			files = (
			);
			runOnlyForDeploymentPostprocessing = 0;
		};
/* End PBXFrameworksBuildPhase section */

/* Begin PBXGroup section */
		AF168EC02A345A8200EA8637 = {
			isa = PBXGroup;
			children = (
				AF168ECB2A345A8200EA8637 /* Attendance App */,
				AF168ECA2A345A8200EA8637 /* Products */,
			);
			sourceTree = "<group>";
		};
		AF168ECA2A345A8200EA8637 /* Products */ = {
			isa = PBXGroup;
			children = (
				AF168EC92A345A8200EA8637 /* Attendance App.app */,
			);
			name = Products;
			sourceTree = "<group>";
		};
		AF168ECB2A345A8200EA8637 /* Attendance App */ = {
			isa = PBXGroup;
			children = (
				AF168EE72A348A6E00EA8637 /* Fonts */,
				AF168EE32A3482E500EA8637 /* Helper */,
				AF168EE22A3482DD00EA8637 /* ViewModel */,
				AF168EE12A3482D700EA8637 /* Model */,
				AF168EE02A3482CE00EA8637 /* View */,
				AF168ECC2A345A8200EA8637 /* AppDelegate.swift */,
				AF168ECE2A345A8200EA8637 /* SceneDelegate.swift */,
				AF168ED02A345A8200EA8637 /* ViewController.swift */,
				AF168ED52A345A8300EA8637 /* Assets.xcassets */,
				AF168ED72A345A8300EA8637 /* LaunchScreen.storyboard */,
				AF168EDA2A345A8300EA8637 /* Info.plist */,
			);
			path = "Attendance App";
			sourceTree = "<group>";
		};
		AF168EE02A3482CE00EA8637 /* View */ = {
			isa = PBXGroup;
			children = (
				AF2685732A36FB68007E4318 /* Login */,
				AF168EE62A34830A00EA8637 /* CustomView */,
				AF168EE52A3482FD00EA8637 /* OnBoarding */,
			);
			path = View;
			sourceTree = "<group>";
		};
		AF168EE12A3482D700EA8637 /* Model */ = {
			isa = PBXGroup;
			children = (
			);
			path = Model;
			sourceTree = "<group>";
		};
		AF168EE22A3482DD00EA8637 /* ViewModel */ = {
			isa = PBXGroup;
			children = (
			);
			path = ViewModel;
			sourceTree = "<group>";
		};
		AF168EE32A3482E500EA8637 /* Helper */ = {
			isa = PBXGroup;
			children = (
				AF168EEE2A34907300EA8637 /* Extension.swift */,
			);
			path = Helper;
			sourceTree = "<group>";
		};
		AF168EE52A3482FD00EA8637 /* OnBoarding */ = {
			isa = PBXGroup;
			children = (
				AF2685712A36FB52007E4318 /* OnBoardingViewController.swift */,
			);
			path = OnBoarding;
			sourceTree = "<group>";
		};
		AF168EE62A34830A00EA8637 /* CustomView */ = {
			isa = PBXGroup;
			children = (
			);
			path = CustomView;
			sourceTree = "<group>";
		};
		AF168EE72A348A6E00EA8637 /* Fonts */ = {
			isa = PBXGroup;
			children = (
				AF168EE92A348A9200EA8637 /* AvenirLTStd-Black.otf */,
				AF168EE82A348A9200EA8637 /* AvenirLTStd-Book.otf */,
				AF168EEA2A348A9200EA8637 /* AvenirLTStd-Roman.otf */,
			);
			path = Fonts;
			sourceTree = "<group>";
		};
		AF2685732A36FB68007E4318 /* Login */ = {
			isa = PBXGroup;
			children = (
				AF2685742A36FB98007E4318 /* LoginViewController.swift */,
				AFEA76CE2A52BD3400DDDFC4 /* SignUpViewController.swift */,
				AFEA76D02A52BD4400DDDFC4 /* ForgotPasswordViewController.swift */,
			);
			path = Login;
			sourceTree = "<group>";
		};
/* End PBXGroup section */

/* Begin PBXNativeTarget section */
		AF168EC82A345A8200EA8637 /* Attendance App */ = {
			isa = PBXNativeTarget;
			buildConfigurationList = AF168EDD2A345A8300EA8637 /* Build configuration list for PBXNativeTarget "Attendance App" */;
			buildPhases = (
				AF168EC52A345A8200EA8637 /* Sources */,
				AF168EC62A345A8200EA8637 /* Frameworks */,
				AF168EC72A345A8200EA8637 /* Resources */,
			);
			buildRules = (
			);
			dependencies = (
			);
			name = "Attendance App";
			productName = "Attendance App";
			productReference = AF168EC92A345A8200EA8637 /* Attendance App.app */;
			productType = "com.apple.product-type.application";
		};
/* End PBXNativeTarget section */

/* Begin PBXProject section */
		AF168EC12A345A8200EA8637 /* Project object */ = {
			isa = PBXProject;
			attributes = {
				BuildIndependentTargetsInParallel = 1;
				LastSwiftUpdateCheck = 1430;
				LastUpgradeCheck = 1430;
				TargetAttributes = {
					AF168EC82A345A8200EA8637 = {
						CreatedOnToolsVersion = 14.3.1;
					};
				};
			};
			buildConfigurationList = AF168EC42A345A8200EA8637 /* Build configuration list for PBXProject "Attendance App" */;
			compatibilityVersion = "Xcode 14.0";
			developmentRegion = en;
			hasScannedForEncodings = 0;
			knownRegions = (
				en,
				Base,
			);
			mainGroup = AF168EC02A345A8200EA8637;
			productRefGroup = AF168ECA2A345A8200EA8637 /* Products */;
			projectDirPath = "";
			projectRoot = "";
			targets = (
				AF168EC82A345A8200EA8637 /* Attendance App */,
			);
		};
/* End PBXProject section */

/* Begin PBXResourcesBuildPhase section */
		AF168EC72A345A8200EA8637 /* Resources */ = {
			isa = PBXResourcesBuildPhase;
			buildActionMask = 2147483647;
			files = (
				AF168ED92A345A8300EA8637 /* LaunchScreen.storyboard in Resources */,
				AF168ED62A345A8300EA8637 /* Assets.xcassets in Resources */,
				AF168EEB2A348AAC00EA8637 /* AvenirLTStd-Roman.otf in Resources */,
				AF168EED2A348AB300EA8637 /* AvenirLTStd-Black.otf in Resources */,
				AF168EEC2A348AB000EA8637 /* AvenirLTStd-Book.otf in Resources */,
			);
			runOnlyForDeploymentPostprocessing = 0;
		};
/* End PBXResourcesBuildPhase section */

/* Begin PBXSourcesBuildPhase section */
		AF168EC52A345A8200EA8637 /* Sources */ = {
			isa = PBXSourcesBuildPhase;
			buildActionMask = 2147483647;
			files = (
				AFEA76D12A52BD4400DDDFC4 /* ForgotPasswordViewController.swift in Sources */,
				AF2685752A36FB98007E4318 /* LoginViewController.swift in Sources */,
				AFEA76CF2A52BD3400DDDFC4 /* SignUpViewController.swift in Sources */,
				AF168ED12A345A8200EA8637 /* ViewController.swift in Sources */,
				AF168ECD2A345A8200EA8637 /* AppDelegate.swift in Sources */,
				AF168ECF2A345A8200EA8637 /* SceneDelegate.swift in Sources */,
				AF168EEF2A34907300EA8637 /* Extension.swift in Sources */,
				AF2685722A36FB52007E4318 /* OnBoardingViewController.swift in Sources */,
			);
			runOnlyForDeploymentPostprocessing = 0;
		};
/* End PBXSourcesBuildPhase section */

/* Begin PBXVariantGroup section */
		AF168ED72A345A8300EA8637 /* LaunchScreen.storyboard */ = {
			isa = PBXVariantGroup;
			children = (
				AF168ED82A345A8300EA8637 /* Base */,
			);
			name = LaunchScreen.storyboard;
			sourceTree = "<group>";
		};
/* End PBXVariantGroup section */

/* Begin XCBuildConfiguration section */
		AF168EDB2A345A8300EA8637 /* Debug */ = {
			isa = XCBuildConfiguration;
			buildSettings = {
				ALWAYS_SEARCH_USER_PATHS = NO;
				CLANG_ANALYZER_NONNULL = YES;
				CLANG_ANALYZER_NUMBER_OBJECT_CONVERSION = YES_AGGRESSIVE;
				CLANG_CXX_LANGUAGE_STANDARD = "gnu++20";
				CLANG_ENABLE_MODULES = YES;
				CLANG_ENABLE_OBJC_ARC = YES;
				CLANG_ENABLE_OBJC_WEAK = YES;
				CLANG_WARN_BLOCK_CAPTURE_AUTORELEASING = YES;
				CLANG_WARN_BOOL_CONVERSION = YES;
				CLANG_WARN_COMMA = YES;
				CLANG_WARN_CONSTANT_CONVERSION = YES;
				CLANG_WARN_DEPRECATED_OBJC_IMPLEMENTATIONS = YES;
				CLANG_WARN_DIRECT_OBJC_ISA_USAGE = YES_ERROR;
				CLANG_WARN_DOCUMENTATION_COMMENTS = YES;
				CLANG_WARN_EMPTY_BODY = YES;
				CLANG_WARN_ENUM_CONVERSION = YES;
				CLANG_WARN_INFINITE_RECURSION = YES;
				CLANG_WARN_INT_CONVERSION = YES;
				CLANG_WARN_NON_LITERAL_NULL_CONVERSION = YES;
				CLANG_WARN_OBJC_IMPLICIT_RETAIN_SELF = YES;
				CLANG_WARN_OBJC_LITERAL_CONVERSION = YES;
				CLANG_WARN_OBJC_ROOT_CLASS = YES_ERROR;
				CLANG_WARN_QUOTED_INCLUDE_IN_FRAMEWORK_HEADER = YES;
				CLANG_WARN_RANGE_LOOP_ANALYSIS = YES;
				CLANG_WARN_STRICT_PROTOTYPES = YES;
				CLANG_WARN_SUSPICIOUS_MOVE = YES;
				CLANG_WARN_UNGUARDED_AVAILABILITY = YES_AGGRESSIVE;
				CLANG_WARN_UNREACHABLE_CODE = YES;
				CLANG_WARN__DUPLICATE_METHOD_MATCH = YES;
				COPY_PHASE_STRIP = NO;
				DEBUG_INFORMATION_FORMAT = dwarf;
				ENABLE_STRICT_OBJC_MSGSEND = YES;
				ENABLE_TESTABILITY = YES;
				GCC_C_LANGUAGE_STANDARD = gnu11;
				GCC_DYNAMIC_NO_PIC = NO;
				GCC_NO_COMMON_BLOCKS = YES;
				GCC_OPTIMIZATION_LEVEL = 0;
				GCC_PREPROCESSOR_DEFINITIONS = (
					"DEBUG=1",
					"$(inherited)",
				);
				GCC_WARN_64_TO_32_BIT_CONVERSION = YES;
				GCC_WARN_ABOUT_RETURN_TYPE = YES_ERROR;
				GCC_WARN_UNDECLARED_SELECTOR = YES;
				GCC_WARN_UNINITIALIZED_AUTOS = YES_AGGRESSIVE;
				GCC_WARN_UNUSED_FUNCTION = YES;
				GCC_WARN_UNUSED_VARIABLE = YES;
				IPHONEOS_DEPLOYMENT_TARGET = 16.4;
				MTL_ENABLE_DEBUG_INFO = INCLUDE_SOURCE;
				MTL_FAST_MATH = YES;
				ONLY_ACTIVE_ARCH = YES;
				SDKROOT = iphoneos;
				SWIFT_ACTIVE_COMPILATION_CONDITIONS = DEBUG;
				SWIFT_OPTIMIZATION_LEVEL = "-Onone";
			};
			name = Debug;
		};
		AF168EDC2A345A8300EA8637 /* Release */ = {
			isa = XCBuildConfiguration;
			buildSettings = {
				ALWAYS_SEARCH_USER_PATHS = NO;
				CLANG_ANALYZER_NONNULL = YES;
				CLANG_ANALYZER_NUMBER_OBJECT_CONVERSION = YES_AGGRESSIVE;
				CLANG_CXX_LANGUAGE_STANDARD = "gnu++20";
				CLANG_ENABLE_MODULES = YES;
				CLANG_ENABLE_OBJC_ARC = YES;
				CLANG_ENABLE_OBJC_WEAK = YES;
				CLANG_WARN_BLOCK_CAPTURE_AUTORELEASING = YES;
				CLANG_WARN_BOOL_CONVERSION = YES;
				CLANG_WARN_COMMA = YES;
				CLANG_WARN_CONSTANT_CONVERSION = YES;
				CLANG_WARN_DEPRECATED_OBJC_IMPLEMENTATIONS = YES;
				CLANG_WARN_DIRECT_OBJC_ISA_USAGE = YES_ERROR;
				CLANG_WARN_DOCUMENTATION_COMMENTS = YES;
				CLANG_WARN_EMPTY_BODY = YES;
				CLANG_WARN_ENUM_CONVERSION = YES;
				CLANG_WARN_INFINITE_RECURSION = YES;
				CLANG_WARN_INT_CONVERSION = YES;
				CLANG_WARN_NON_LITERAL_NULL_CONVERSION = YES;
				CLANG_WARN_OBJC_IMPLICIT_RETAIN_SELF = YES;
				CLANG_WARN_OBJC_LITERAL_CONVERSION = YES;
				CLANG_WARN_OBJC_ROOT_CLASS = YES_ERROR;
				CLANG_WARN_QUOTED_INCLUDE_IN_FRAMEWORK_HEADER = YES;
				CLANG_WARN_RANGE_LOOP_ANALYSIS = YES;
				CLANG_WARN_STRICT_PROTOTYPES = YES;
				CLANG_WARN_SUSPICIOUS_MOVE = YES;
				CLANG_WARN_UNGUARDED_AVAILABILITY = YES_AGGRESSIVE;
				CLANG_WARN_UNREACHABLE_CODE = YES;
				CLANG_WARN__DUPLICATE_METHOD_MATCH = YES;
				COPY_PHASE_STRIP = NO;
				DEBUG_INFORMATION_FORMAT = "dwarf-with-dsym";
				ENABLE_NS_ASSERTIONS = NO;
				ENABLE_STRICT_OBJC_MSGSEND = YES;
				GCC_C_LANGUAGE_STANDARD = gnu11;
				GCC_NO_COMMON_BLOCKS = YES;
				GCC_WARN_64_TO_32_BIT_CONVERSION = YES;
				GCC_WARN_ABOUT_RETURN_TYPE = YES_ERROR;
				GCC_WARN_UNDECLARED_SELECTOR = YES;
				GCC_WARN_UNINITIALIZED_AUTOS = YES_AGGRESSIVE;
				GCC_WARN_UNUSED_FUNCTION = YES;
				GCC_WARN_UNUSED_VARIABLE = YES;
				IPHONEOS_DEPLOYMENT_TARGET = 16.4;
				MTL_ENABLE_DEBUG_INFO = NO;
				MTL_FAST_MATH = YES;
				SDKROOT = iphoneos;
				SWIFT_COMPILATION_MODE = wholemodule;
				SWIFT_OPTIMIZATION_LEVEL = "-O";
				VALIDATE_PRODUCT = YES;
			};
			name = Release;
		};
		AF168EDE2A345A8300EA8637 /* Debug */ = {
			isa = XCBuildConfiguration;
			buildSettings = {
				ASSETCATALOG_COMPILER_APPICON_NAME = AppIcon;
				ASSETCATALOG_COMPILER_GLOBAL_ACCENT_COLOR_NAME = AccentColor;
				CODE_SIGN_STYLE = Automatic;
				CURRENT_PROJECT_VERSION = 1;
				DEVELOPMENT_TEAM = 86C7H55255;
				GENERATE_INFOPLIST_FILE = YES;
				INFOPLIST_FILE = "Attendance App/Info.plist";
				INFOPLIST_KEY_UIApplicationSupportsIndirectInputEvents = YES;
				INFOPLIST_KEY_UILaunchStoryboardName = LaunchScreen;
				INFOPLIST_KEY_UISupportedInterfaceOrientations_iPad = "UIInterfaceOrientationPortrait UIInterfaceOrientationPortraitUpsideDown UIInterfaceOrientationLandscapeLeft UIInterfaceOrientationLandscapeRight";
				INFOPLIST_KEY_UISupportedInterfaceOrientations_iPhone = "UIInterfaceOrientationPortrait UIInterfaceOrientationLandscapeLeft UIInterfaceOrientationLandscapeRight";
				LD_RUNPATH_SEARCH_PATHS = (
					"$(inherited)",
					"@executable_path/Frameworks",
				);
				MARKETING_VERSION = 1.0;
				PRODUCT_BUNDLE_IDENTIFIER = "com.project.Attendance-App";
				PRODUCT_NAME = "$(TARGET_NAME)";
				SWIFT_EMIT_LOC_STRINGS = YES;
				SWIFT_VERSION = 5.0;
				TARGETED_DEVICE_FAMILY = "1,2";
			};
			name = Debug;
		};
		AF168EDF2A345A8300EA8637 /* Release */ = {
			isa = XCBuildConfiguration;
			buildSettings = {
				ASSETCATALOG_COMPILER_APPICON_NAME = AppIcon;
				ASSETCATALOG_COMPILER_GLOBAL_ACCENT_COLOR_NAME = AccentColor;
				CODE_SIGN_STYLE = Automatic;
				CURRENT_PROJECT_VERSION = 1;
				DEVELOPMENT_TEAM = 86C7H55255;
				GENERATE_INFOPLIST_FILE = YES;
				INFOPLIST_FILE = "Attendance App/Info.plist";
				INFOPLIST_KEY_UIApplicationSupportsIndirectInputEvents = YES;
				INFOPLIST_KEY_UILaunchStoryboardName = LaunchScreen;
				INFOPLIST_KEY_UISupportedInterfaceOrientations_iPad = "UIInterfaceOrientationPortrait UIInterfaceOrientationPortraitUpsideDown UIInterfaceOrientationLandscapeLeft UIInterfaceOrientationLandscapeRight";
				INFOPLIST_KEY_UISupportedInterfaceOrientations_iPhone = "UIInterfaceOrientationPortrait UIInterfaceOrientationLandscapeLeft UIInterfaceOrientationLandscapeRight";
				LD_RUNPATH_SEARCH_PATHS = (
					"$(inherited)",
					"@executable_path/Frameworks",
				);
				MARKETING_VERSION = 1.0;
				PRODUCT_BUNDLE_IDENTIFIER = "com.project.Attendance-App";
				PRODUCT_NAME = "$(TARGET_NAME)";
				SWIFT_EMIT_LOC_STRINGS = YES;
				SWIFT_VERSION = 5.0;
				TARGETED_DEVICE_FAMILY = "1,2";
			};
			name = Release;
		};
/* End XCBuildConfiguration section */

/* Begin XCConfigurationList section */
		AF168EC42A345A8200EA8637 /* Build configuration list for PBXProject "Attendance App" */ = {
			isa = XCConfigurationList;
			buildConfigurations = (
				AF168EDB2A345A8300EA8637 /* Debug */,
				AF168EDC2A345A8300EA8637 /* Release */,
			);
			defaultConfigurationIsVisible = 0;
			defaultConfigurationName = Release;
		};
		AF168EDD2A345A8300EA8637 /* Build configuration list for PBXNativeTarget "Attendance App" */ = {
			isa = XCConfigurationList;
			buildConfigurations = (
				AF168EDE2A345A8300EA8637 /* Debug */,
				AF168EDF2A345A8300EA8637 /* Release */,
			);
			defaultConfigurationIsVisible = 0;
			defaultConfigurationName = Release;
		};
/* End XCConfigurationList section */
	};
	rootObject = AF168EC12A345A8200EA8637 /* Project object */;
}
